<?xml version="1.0" encoding="utf-8"?>
<Project ToolsVersion="4.0" xmlns="http://schemas.microsoft.com/developer/msbuild/2003">
  <ItemGroup>
    <Filter Include="소스 파일">
      <UniqueIdentifier>{4FC737F1-C7A5-4376-A066-2A32D752A2FF}</UniqueIdentifier>
      <Extensions>cpp;c;cc;cxx;c++;cppm;ixx;def;odl;idl;hpj;bat;asm;asmx</Extensions>
    </Filter>
    <Filter Include="헤더 파일">
      <UniqueIdentifier>{93995380-89BD-4b04-88EB-625FBE52EBFB}</UniqueIdentifier>
      <Extensions>h;hh;hpp;hxx;h++;hm;inl;inc;ipp;xsd</Extensions>
    </Filter>
    <Filter Include="리소스 파일">
      <UniqueIdentifier>{67DA6AB6-F800-4c08-8B7A-83BB121AAD01}</UniqueIdentifier>
      <Extensions>rc;ico;cur;bmp;dlg;rc2;rct;bin;rgs;gif;jpg;jpeg;jpe;resx;tiff;tif;png;wav;mfcribbon-ms</Extensions>
    </Filter>
  </ItemGroup>
  <ItemGroup>
    <ClCompile Include="Viewers\Camera.cpp">
      <Filter>소스 파일</Filter>
    </ClCompile>
    <ClCompile Include="Viewers\DepthStencil.cpp">
      <Filter>소스 파일</Filter>
    </ClCompile>
    <ClCompile Include="Viewers\Projection.cpp">
      <Filter>소스 파일</Filter>
    </ClCompile>
    <ClCompile Include="Viewers\RenderTarget.cpp">
      <Filter>소스 파일</Filter>
    </ClCompile>
    <ClCompile Include="Viewers\Viewport.cpp">
      <Filter>소스 파일</Filter>
    </ClCompile>
    <ClCompile Include="Base\Transform.cpp">
      <Filter>소스 파일</Filter>
    </ClCompile>
    <ClCompile Include="Hardware\Audio.cpp">
      <Filter>소스 파일</Filter>
    </ClCompile>
    <ClCompile Include="Hardware\Keyboard.cpp">
      <Filter>소스 파일</Filter>
    </ClCompile>
    <ClCompile Include="Hardware\Mouse.cpp">
      <Filter>소스 파일</Filter>
    </ClCompile>
    <ClCompile Include="Hardware\Time.cpp">
      <Filter>소스 파일</Filter>
    </ClCompile>
    <ClCompile Include="Renders\Buffers.cpp">
      <Filter>소스 파일</Filter>
    </ClCompile>
    <ClCompile Include="Renders\Shader.cpp">
      <Filter>소스 파일</Filter>
    </ClCompile>
    <ClCompile Include="Renders\Texture.cpp">
      <Filter>소스 파일</Filter>
    </ClCompile>
    <ClCompile Include="Software\Gui.cpp">
      <Filter>소스 파일</Filter>
    </ClCompile>
    <ClCompile Include="Utilities\BinaryFile.cpp">
      <Filter>소스 파일</Filter>
    </ClCompile>
    <ClCompile Include="Utilities\Math.cpp">
      <Filter>소스 파일</Filter>
    </ClCompile>
    <ClCompile Include="Utilities\Path.cpp">
      <Filter>소스 파일</Filter>
    </ClCompile>
    <ClCompile Include="Utilities\String.cpp">
      <Filter>소스 파일</Filter>
    </ClCompile>
    <ClCompile Include="Utilities\Xml.cpp">
      <Filter>소스 파일</Filter>
    </ClCompile>
    <ClCompile Include="Base\StaticMeshBase.cpp">
      <Filter>소스 파일</Filter>
    </ClCompile>
    <ClCompile Include="Meshes\Static\StaticMeshCube.cpp">
      <Filter>소스 파일</Filter>
    </ClCompile>
    <ClCompile Include="Meshes\Static\StaticMeshCylinder.cpp">
      <Filter>소스 파일</Filter>
    </ClCompile>
    <ClCompile Include="Meshes\Static\StaticMeshSphere.cpp">
      <Filter>소스 파일</Filter>
    </ClCompile>
    <ClCompile Include="Meshes\Skeletal\SkeletalMesh.cpp">
      <Filter>소스 파일</Filter>
    </ClCompile>
    <ClCompile Include="Scenes\Minecraft.cpp">
      <Filter>소스 파일</Filter>
    </ClCompile>
    <ClCompile Include="Collider\ColliderBase.cpp">
      <Filter>소스 파일</Filter>
    </ClCompile>
    <ClCompile Include="Collider\BoxCollider.cpp">
      <Filter>소스 파일</Filter>
    </ClCompile>
    <ClCompile Include="Renders\Material.cpp">
      <Filter>소스 파일</Filter>
    </ClCompile>
    <ClCompile Include="Base\GameObject.cpp">
      <Filter>소스 파일</Filter>
    </ClCompile>
    <ClCompile Include="GameObject\Block.cpp">
      <Filter>소스 파일</Filter>
    </ClCompile>
    <ClCompile Include="Viewers\GBuffer.cpp">
      <Filter>소스 파일</Filter>
    </ClCompile>
    <ClCompile Include="Viewers\LightingPass.cpp">
      <Filter>소스 파일</Filter>
    </ClCompile>
    <ClCompile Include="Base\LightBase.cpp">
      <Filter>소스 파일</Filter>
    </ClCompile>
    <ClCompile Include="Light\DirectionalLight.cpp">
      <Filter>소스 파일</Filter>
    </ClCompile>
    <ClCompile Include="Light\PointLight.cpp">
      <Filter>소스 파일</Filter>
    </ClCompile>
    <ClCompile Include="Light\SpotLight.cpp">
      <Filter>소스 파일</Filter>
    </ClCompile>
    <ClCompile Include="Viewers\Context.cpp">
      <Filter>소스 파일</Filter>
    </ClCompile>
    <ClCompile Include="Software\MeshBuilder.cpp">
      <Filter>소스 파일</Filter>
    </ClCompile>
    <ClCompile Include="Software\FBXImporter.cpp">
      <Filter>소스 파일</Filter>
    </ClCompile>
    <ClCompile Include="Resources\SkeletalMeshResource.cpp">
      <Filter>소스 파일</Filter>
    </ClCompile>
    <ClCompile Include="Resources\AnimationClipResource.cpp">
      <Filter>소스 파일</Filter>
    </ClCompile>
    <ClCompile Include="Renders\SkeletalMaterial.cpp">
      <Filter>소스 파일</Filter>
    </ClCompile>
    <ClCompile Include="GameObject\Chara.cpp">
      <Filter>소스 파일</Filter>
    </ClCompile>
    <ClCompile Include="Animations\AnimationClip.cpp">
      <Filter>소스 파일</Filter>
    </ClCompile>
    <ClCompile Include="Animations\AnimationController.cpp">
      <Filter>소스 파일</Filter>
    </ClCompile>
    <ClCompile Include="Animations\AnimGraph.cpp">
      <Filter>소스 파일</Filter>
    </ClCompile>
    <ClCompile Include="Animations\AnimNode.cpp">
      <Filter>소스 파일</Filter>
    </ClCompile>
    <ClCompile Include="Instances\CharacterAnimController.cpp">
      <Filter>소스 파일</Filter>
    </ClCompile>
    <ClCompile Include="GameObject\Ezreal_A.cpp">
      <Filter>소스 파일</Filter>
    </ClCompile>
    <ClCompile Include="Effects\Effect.cpp">
      <Filter>소스 파일</Filter>
    </ClCompile>
    <ClCompile Include="Effects\Particle.cpp">
      <Filter>소스 파일</Filter>
    </ClCompile>
    <ClCompile Include="Effects\ParticleRenderer.cpp">
      <Filter>소스 파일</Filter>
    </ClCompile>
    <ClCompile Include="Main\D3D.cpp">
      <Filter>소스 파일</Filter>
    </ClCompile>
    <ClCompile Include="Main\Renderer.cpp">
      <Filter>소스 파일</Filter>
    </ClCompile>
    <ClCompile Include="Main\Window.cpp">
      <Filter>소스 파일</Filter>
    </ClCompile>
    <ClCompile Include="Managers\ObjectManager.cpp">
      <Filter>소스 파일</Filter>
    </ClCompile>
    <ClCompile Include="Managers\SceneManager.cpp">
      <Filter>소스 파일</Filter>
    </ClCompile>
    <ClCompile Include="Managers\ShaderManager.cpp">
      <Filter>소스 파일</Filter>
    </ClCompile>
    <ClCompile Include="Managers\TextureManager.cpp">
      <Filter>소스 파일</Filter>
    </ClCompile>
  </ItemGroup>
  <ItemGroup>
    <ClInclude Include="Viewers\Camera.h">
      <Filter>헤더 파일</Filter>
    </ClInclude>
    <ClInclude Include="Viewers\DepthStencil.h">
      <Filter>헤더 파일</Filter>
    </ClInclude>
    <ClInclude Include="Viewers\Projection.h">
      <Filter>헤더 파일</Filter>
    </ClInclude>
    <ClInclude Include="Viewers\RenderTarget.h">
      <Filter>헤더 파일</Filter>
    </ClInclude>
    <ClInclude Include="Viewers\Viewport.h">
      <Filter>헤더 파일</Filter>
    </ClInclude>
    <ClInclude Include="Framework.h">
      <Filter>헤더 파일</Filter>
    </ClInclude>
    <ClInclude Include="Base\Scene.h">
      <Filter>헤더 파일</Filter>
    </ClInclude>
    <ClInclude Include="Base\Singleton.h">
      <Filter>헤더 파일</Filter>
    </ClInclude>
    <ClInclude Include="Base\Transform.h">
      <Filter>헤더 파일</Filter>
    </ClInclude>
    <ClInclude Include="Base\VertexLayouts.h">
      <Filter>헤더 파일</Filter>
    </ClInclude>
    <ClInclude Include="Hardware\Audio.h">
      <Filter>헤더 파일</Filter>
    </ClInclude>
    <ClInclude Include="Hardware\Keyboard.h">
      <Filter>헤더 파일</Filter>
    </ClInclude>
    <ClInclude Include="Hardware\Mouse.h">
      <Filter>헤더 파일</Filter>
    </ClInclude>
    <ClInclude Include="Hardware\Time.h">
      <Filter>헤더 파일</Filter>
    </ClInclude>
    <ClInclude Include="Renders\Buffers.h">
      <Filter>헤더 파일</Filter>
    </ClInclude>
    <ClInclude Include="Renders\Shader.h">
      <Filter>헤더 파일</Filter>
    </ClInclude>
    <ClInclude Include="Renders\Texture.h">
      <Filter>헤더 파일</Filter>
    </ClInclude>
    <ClInclude Include="Software\Gui.h">
      <Filter>헤더 파일</Filter>
    </ClInclude>
    <ClInclude Include="Utilities\BinaryFile.h">
      <Filter>헤더 파일</Filter>
    </ClInclude>
    <ClInclude Include="Utilities\Math.h">
      <Filter>헤더 파일</Filter>
    </ClInclude>
    <ClInclude Include="Utilities\Path.h">
      <Filter>헤더 파일</Filter>
    </ClInclude>
    <ClInclude Include="Utilities\String.h">
      <Filter>헤더 파일</Filter>
    </ClInclude>
    <ClInclude Include="Utilities\Xml.h">
      <Filter>헤더 파일</Filter>
    </ClInclude>
    <ClInclude Include="Base\StaticMeshBase.h">
      <Filter>헤더 파일</Filter>
    </ClInclude>
    <ClInclude Include="Meshes\Static\StaticMeshCube.h">
      <Filter>헤더 파일</Filter>
    </ClInclude>
    <ClInclude Include="Meshes\Static\StaticMeshCylinder.h">
      <Filter>헤더 파일</Filter>
    </ClInclude>
    <ClInclude Include="Meshes\Static\StaticMeshSphere.h">
      <Filter>헤더 파일</Filter>
    </ClInclude>
    <ClInclude Include="Meshes\Skeletal\SkeletalMesh.h">
      <Filter>헤더 파일</Filter>
    </ClInclude>
    <ClInclude Include="Scenes\Minecraft.h">
      <Filter>헤더 파일</Filter>
    </ClInclude>
    <ClInclude Include="Collider\ColliderBase.h">
      <Filter>헤더 파일</Filter>
    </ClInclude>
    <ClInclude Include="Collider\BoxCollider.h">
      <Filter>헤더 파일</Filter>
    </ClInclude>
    <ClInclude Include="Renders\Material.h">
      <Filter>헤더 파일</Filter>
    </ClInclude>
    <ClInclude Include="Base\GameObject.h">
      <Filter>헤더 파일</Filter>
    </ClInclude>
    <ClInclude Include="GameObject\Block.h">
      <Filter>헤더 파일</Filter>
    </ClInclude>
    <ClInclude Include="Viewers\GBuffer.h">
      <Filter>헤더 파일</Filter>
    </ClInclude>
    <ClInclude Include="Viewers\LightingPass.h">
      <Filter>헤더 파일</Filter>
    </ClInclude>
    <ClInclude Include="Base\LightBase.h">
      <Filter>헤더 파일</Filter>
    </ClInclude>
    <ClInclude Include="Light\DirectionalLight.h">
      <Filter>헤더 파일</Filter>
    </ClInclude>
    <ClInclude Include="Light\PointLight.h">
      <Filter>헤더 파일</Filter>
    </ClInclude>
    <ClInclude Include="Light\SpotLight.h">
      <Filter>헤더 파일</Filter>
    </ClInclude>
    <ClInclude Include="Viewers\Context.h">
      <Filter>헤더 파일</Filter>
    </ClInclude>
    <ClInclude Include="Software\MeshBuilder.h">
      <Filter>헤더 파일</Filter>
    </ClInclude>
    <ClInclude Include="Software\FBXImporter.h">
      <Filter>헤더 파일</Filter>
    </ClInclude>
    <ClInclude Include="Resources\SkeletalMeshResource.h">
      <Filter>헤더 파일</Filter>
    </ClInclude>
    <ClInclude Include="Resources\AnimationClipResource.h">
      <Filter>헤더 파일</Filter>
    </ClInclude>
    <ClInclude Include="Renders\SkeletalMaterial.h">
      <Filter>헤더 파일</Filter>
    </ClInclude>
    <ClInclude Include="Base\ConstantBuffers.h">
      <Filter>헤더 파일</Filter>
    </ClInclude>
    <ClInclude Include="GameObject\Chara.h">
      <Filter>헤더 파일</Filter>
    </ClInclude>
    <ClInclude Include="Animations\AnimationClip.h">
      <Filter>헤더 파일</Filter>
    </ClInclude>
    <ClInclude Include="Animations\AnimationController.h">
      <Filter>헤더 파일</Filter>
    </ClInclude>
    <ClInclude Include="Meshes\Skeletal\Skeleton.h">
      <Filter>헤더 파일</Filter>
    </ClInclude>
    <ClInclude Include="Animations\AnimGraph.h">
      <Filter>헤더 파일</Filter>
    </ClInclude>
    <ClInclude Include="Animations\AnimNode.h">
      <Filter>헤더 파일</Filter>
    </ClInclude>
    <ClInclude Include="Animations\AnimDefs.h">
      <Filter>헤더 파일</Filter>
    </ClInclude>
    <ClInclude Include="Instances\CharacterAnimController.h">
      <Filter>헤더 파일</Filter>
    </ClInclude>
    <ClInclude Include="GameObject\Ezreal_A.h">
      <Filter>헤더 파일</Filter>
    </ClInclude>
    <ClInclude Include="Effects\Effect.h">
      <Filter>헤더 파일</Filter>
    </ClInclude>
    <ClInclude Include="Effects\Particle.h">
      <Filter>헤더 파일</Filter>
    </ClInclude>
    <ClInclude Include="Effects\ParticleRenderer.h">
      <Filter>헤더 파일</Filter>
    </ClInclude>
    <ClInclude Include="Main\D3D.h">
      <Filter>헤더 파일</Filter>
    </ClInclude>
    <ClInclude Include="Main\Renderer.h">
      <Filter>헤더 파일</Filter>
    </ClInclude>
    <ClInclude Include="Main\Window.h">
      <Filter>헤더 파일</Filter>
    </ClInclude>
    <ClInclude Include="Systems\EffectSystem.h">
      <Filter>헤더 파일</Filter>
    </ClInclude>
    <ClInclude Include="Managers\ObjectManager.h">
      <Filter>헤더 파일</Filter>
    </ClInclude>
    <ClInclude Include="Managers\SceneManager.h">
      <Filter>헤더 파일</Filter>
    </ClInclude>
    <ClInclude Include="Managers\ShaderManager.h">
      <Filter>헤더 파일</Filter>
    </ClInclude>
    <ClInclude Include="Managers\TextureManager.h">
      <Filter>헤더 파일</Filter>
    </ClInclude>
  </ItemGroup>
</Project>